<?xml version="1.0" encoding="utf-8"?>
<Project ToolsVersion="4.0" xmlns="http://schemas.microsoft.com/developer/msbuild/2003">
  <ItemGroup>
    <Filter Include="Source Files">
      <UniqueIdentifier>{4FC737F1-C7A5-4376-A066-2A32D752A2FF}</UniqueIdentifier>
      <Extensions>cpp;c;cc;cxx;def;odl;idl;hpj;bat;asm;asmx</Extensions>
    </Filter>
    <Filter Include="Header Files">
      <UniqueIdentifier>{93995380-89BD-4b04-88EB-625FBE52EBFB}</UniqueIdentifier>
      <Extensions>h;hh;hpp;hxx;hm;inl;inc;xsd</Extensions>
    </Filter>
    <Filter Include="Resource Files">
      <UniqueIdentifier>{67DA6AB6-F800-4c08-8B7A-83BB121AAD01}</UniqueIdentifier>
      <Extensions>rc;ico;cur;bmp;dlg;rc2;rct;bin;rgs;gif;jpg;jpeg;jpe;resx;tiff;tif;png;wav;mfcribbon-ms</Extensions>
    </Filter>
  </ItemGroup>
  <ItemGroup>
    <Text Include="ReadMe.txt" />
  </ItemGroup>
  <ItemGroup>
    <ClInclude Include="include\FRFXLL.h">
      <Filter>Header Files</Filter>
    </ClInclude>
    <ClInclude Include="include\FRFXLL_Results.h">
      <Filter>Header Files</Filter>
    </ClInclude>
    <ClInclude Include="src\algorithm\assignment.h">
      <Filter>Header Files</Filter>
    </ClInclude>
    <ClInclude Include="src\algorithm\biffilt.h">
      <Filter>Header Files</Filter>
    </ClInclude>
    <ClInclude Include="src\algorithm\block_fft.h">
      <Filter>Header Files</Filter>
    </ClInclude>
    <ClInclude Include="src\algorithm\complex.h">
      <Filter>Header Files</Filter>
    </ClInclude>
    <ClInclude Include="src\algorithm\conv2.h">
      <Filter>Header Files</Filter>
    </ClInclude>
    <ClInclude Include="src\algorithm\delay.h">
      <Filter>Header Files</Filter>
    </ClInclude>
    <ClInclude Include="src\algorithm\deserializeFpData.h">
      <Filter>Header Files</Filter>
    </ClInclude>
    <ClInclude Include="src\algorithm\diagnostics.h">
      <Filter>Header Files</Filter>
    </ClInclude>
    <ClInclude Include="src\algorithm\dpError.h">
      <Filter>Header Files</Filter>
    </ClInclude>
    <ClInclude Include="src\algorithm\dpfr.h">
      <Filter>Header Files</Filter>
    </ClInclude>
    <ClInclude Include="src\algorithm\dpTypes.h">
      <Filter>Header Files</Filter>
    </ClInclude>
    <ClInclude Include="src\algorithm\extract_minutia.h">
      <Filter>Header Files</Filter>
    </ClInclude>
    <ClInclude Include="src\algorithm\FeatureExtraction.h">
      <Filter>Header Files</Filter>
    </ClInclude>
    <ClInclude Include="src\algorithm\fft_enhance.h">
      <Filter>Header Files</Filter>
    </ClInclude>
    <ClInclude Include="src\algorithm\FingerImageRecord.h">
      <Filter>Header Files</Filter>
    </ClInclude>
    <ClInclude Include="src\algorithm\fixed_allocator.h">
      <Filter>Header Files</Filter>
    </ClInclude>
    <ClInclude Include="src\algorithm\freeman.h">
      <Filter>Header Files</Filter>
    </ClInclude>
    <ClInclude Include="src\algorithm\imresize.h">
      <Filter>Header Files</Filter>
    </ClInclude>
    <ClInclude Include="src\algorithm\IncludeFirst.h">
      <Filter>Header Files</Filter>
    </ClInclude>
    <ClInclude Include="src\algorithm\integer_limits.h">
      <Filter>Header Files</Filter>
    </ClInclude>
    <ClInclude Include="src\algorithm\intmath.h">
      <Filter>Header Files</Filter>
    </ClInclude>
    <ClInclude Include="src\algorithm\matchData.h">
      <Filter>Header Files</Filter>
    </ClInclude>
    <ClInclude Include="src\algorithm\member_comp.h">
      <Filter>Header Files</Filter>
    </ClInclude>
    <ClInclude Include="src\algorithm\orimap.h">
      <Filter>Header Files</Filter>
    </ClInclude>
    <ClInclude Include="src\algorithm\ScaleFactors.h">
      <Filter>Header Files</Filter>
    </ClInclude>
    <ClInclude Include="src\algorithm\serializeFpData.h">
      <Filter>Header Files</Filter>
    </ClInclude>
    <ClInclude Include="src\algorithm\settings.h">
      <Filter>Header Files</Filter>
    </ClInclude>
    <ClInclude Include="src\algorithm\static_assert.h">
      <Filter>Header Files</Filter>
    </ClInclude>
    <ClInclude Include="src\algorithm\top_n.h">
      <Filter>Header Files</Filter>
    </ClInclude>
    <ClInclude Include="src\algorithm\version.h">
      <Filter>Header Files</Filter>
    </ClInclude>
    <ClInclude Include="src\include\stl\_cmath.h">
      <Filter>Header Files</Filter>
    </ClInclude>
    <ClInclude Include="src\include\stl\_cstdlib.h">
      <Filter>Header Files</Filter>
    </ClInclude>
    <ClInclude Include="src\include\stl\_range_errors.h">
      <Filter>Header Files</Filter>
    </ClInclude>
    <ClInclude Include="src\include\stl\config\_epilog.h">
      <Filter>Header Files</Filter>
    </ClInclude>
    <ClInclude Include="src\include\stl\config\_system.h">
      <Filter>Header Files</Filter>
    </ClInclude>
    <ClInclude Include="src\include\stl\config\stl_armcc.h">
      <Filter>Header Files</Filter>
    </ClInclude>
    <ClInclude Include="src\include\stl\config\user_config.h">
      <Filter>Header Files</Filter>
    </ClInclude>
    <ClInclude Include="src\libFRFXLL\CreateFtrSet.h">
      <Filter>Header Files</Filter>
    </ClInclude>
    <ClInclude Include="src\libFRFXLL\FpDataObj.h">
      <Filter>Header Files</Filter>
    </ClInclude>
    <ClInclude Include="src\libFRFXLL\Object.h">
      <Filter>Header Files</Filter>
    </ClInclude>
  </ItemGroup>
  <ItemGroup>
    <ClCompile Include="src\libFRFXLL\FRFXLLCreateContext.cpp">
      <Filter>Source Files</Filter>
    </ClCompile>
    <ClCompile Include="src\libFRFXLL\FRFXLLCreateFeatureSet.cpp">
      <Filter>Source Files</Filter>
    </ClCompile>
    <ClCompile Include="src\libFRFXLL\FRFXLLCreateFeatureSetFromRaw.cpp">
      <Filter>Source Files</Filter>
    </ClCompile>
    <ClCompile Include="src\libFRFXLL\FRFXLLCreateFeatureSetInPlace.cpp">
      <Filter>Source Files</Filter>
    </ClCompile>
    <ClCompile Include="src\libFRFXLL\FRFXLLCreateFeatureSetInPlaceFromRaw.cpp">
      <Filter>Source Files</Filter>
    </ClCompile>
    <ClCompile Include="src\libFRFXLL\FRFXLLCreateLibraryContext.cpp">
      <Filter>Source Files</Filter>
    </ClCompile>
    <ClCompile Include="src\libFRFXLL\FRFXLLDuplicateHandle.cpp">
      <Filter>Source Files</Filter>
    </ClCompile>
    <ClCompile Include="src\libFRFXLL\FRFXLLExport.cpp">
      <Filter>Source Files</Filter>
    </ClCompile>
    <ClCompile Include="src\libFRFXLL\FRFXLLGetLibraryVersion.cpp">
      <Filter>Source Files</Filter>
    </ClCompile>
  </ItemGroup>
</Project>